
Microsoft Visual Studio Solution File, Format Version 12.00
# Visual Studio Version 17
VisualStudioVersion = 17.3.32819.101
MinimumVisualStudioVersion = 10.0.40219.1
Project("{2150E333-8FDC-42A3-9474-1A3956D46DE8}") = "Ofertas", "Ofertas", "{4D228004-1AE2-4A2C-9BE5-CA729DE010F7}"
EndProject
Project("{2150E333-8FDC-42A3-9474-1A3956D46DE8}") = "Precos", "Precos", "{611E0718-CBC3-4D3A-B72D-2B80ABC70A3A}"
EndProject
Project("{2150E333-8FDC-42A3-9474-1A3956D46DE8}") = "Descontos", "Descontos", "{4B188726-AF15-409F-BD74-B9C195134D6B}"
EndProject
Project("{2150E333-8FDC-42A3-9474-1A3956D46DE8}") = "Fretes", "Fretes", "{9F69B710-DEE7-4F2D-91EC-33C6C0FBF1F0}"
EndProject
Project("{9A19103F-16F7-4668-BE54-9A1E7A4F7556}") = "Precos.Admin.API", "Precos.Admin.API\Precos.Admin.API.csproj", "{7361E5A2-0F7C-4D7F-9107-8B8DFB87B35A}"
EndProject
Project("{9A19103F-16F7-4668-BE54-9A1E7A4F7556}") = "Precos.API", "Precos.API\Precos.API.csproj", "{09221568-5425-4C96-91DE-9F3A6AF99C32}"
EndProject
Project("{9A19103F-16F7-4668-BE54-9A1E7A4F7556}") = "Precos.Consumer", "Precos.Consumer\Precos.Consumer.csproj", "{E1437C1D-13F0-46F0-8592-2EBC8FEC0D4E}"
EndProject
Project("{9A19103F-16F7-4668-BE54-9A1E7A4F7556}") = "Descontos.Admin.API", "Descontos.Admin.API\Descontos.Admin.API.csproj", "{76680FC6-D8E4-4F25-A935-DA700FC14700}"
EndProject
Project("{9A19103F-16F7-4668-BE54-9A1E7A4F7556}") = "Descontos.API", "Descontos.API\Descontos.API.csproj", "{C18ED7A9-8A5D-4AF1-ADC2-7D9AC66F2542}"
EndProject
Project("{9A19103F-16F7-4668-BE54-9A1E7A4F7556}") = "Descontos.Consumer", "Descontos.Consumer\Descontos.Consumer.csproj", "{CB1C3D26-9195-4F16-91F9-251FB41BE1B6}"
EndProject
Project("{FAE04EC0-301F-11D3-BF4B-00C04F79EFBC}") = "Ofertas.API", "Ofertas.API\Ofertas.API.csproj", "{075EDEA5-2340-4D6D-AC01-E17CAF74F6A4}"
EndProject
Project("{FAE04EC0-301F-11D3-BF4B-00C04F79EFBC}") = "CalculoDeOfertas.Consumer", "CalculoDeOfertas.Consumer\CalculoDeOfertas.Consumer.csproj", "{67AF010E-2B4F-441C-BBB4-EC9F0F6F3A73}"
EndProject
Global
	GlobalSection(SolutionConfigurationPlatforms) = preSolution
		Debug|Any CPU = Debug|Any CPU
		Release|Any CPU = Release|Any CPU
	EndGlobalSection
	GlobalSection(ProjectConfigurationPlatforms) = postSolution
		{7361E5A2-0F7C-4D7F-9107-8B8DFB87B35A}.Debug|Any CPU.ActiveCfg = Debug|Any CPU
		{7361E5A2-0F7C-4D7F-9107-8B8DFB87B35A}.Debug|Any CPU.Build.0 = Debug|Any CPU
		{7361E5A2-0F7C-4D7F-9107-8B8DFB87B35A}.Release|Any CPU.ActiveCfg = Release|Any CPU
		{7361E5A2-0F7C-4D7F-9107-8B8DFB87B35A}.Release|Any CPU.Build.0 = Release|Any CPU
		{09221568-5425-4C96-91DE-9F3A6AF99C32}.Debug|Any CPU.ActiveCfg = Debug|Any CPU
		{09221568-5425-4C96-91DE-9F3A6AF99C32}.Debug|Any CPU.Build.0 = Debug|Any CPU
		{09221568-5425-4C96-91DE-9F3A6AF99C32}.Release|Any CPU.ActiveCfg = Release|Any CPU
		{09221568-5425-4C96-91DE-9F3A6AF99C32}.Release|Any CPU.Build.0 = Release|Any CPU
		{E1437C1D-13F0-46F0-8592-2EBC8FEC0D4E}.Debug|Any CPU.ActiveCfg = Debug|Any CPU
		{E1437C1D-13F0-46F0-8592-2EBC8FEC0D4E}.Debug|Any CPU.Build.0 = Debug|Any CPU
		{E1437C1D-13F0-46F0-8592-2EBC8FEC0D4E}.Release|Any CPU.ActiveCfg = Release|Any CPU
		{E1437C1D-13F0-46F0-8592-2EBC8FEC0D4E}.Release|Any CPU.Build.0 = Release|Any CPU
		{76680FC6-D8E4-4F25-A935-DA700FC14700}.Debug|Any CPU.ActiveCfg = Debug|Any CPU
		{76680FC6-D8E4-4F25-A935-DA700FC14700}.Debug|Any CPU.Build.0 = Debug|Any CPU
		{76680FC6-D8E4-4F25-A935-DA700FC14700}.Release|Any CPU.ActiveCfg = Release|Any CPU
		{76680FC6-D8E4-4F25-A935-DA700FC14700}.Release|Any CPU.Build.0 = Release|Any CPU
		{C18ED7A9-8A5D-4AF1-ADC2-7D9AC66F2542}.Debug|Any CPU.ActiveCfg = Debug|Any CPU
		{C18ED7A9-8A5D-4AF1-ADC2-7D9AC66F2542}.Debug|Any CPU.Build.0 = Debug|Any CPU
		{C18ED7A9-8A5D-4AF1-ADC2-7D9AC66F2542}.Release|Any CPU.ActiveCfg = Release|Any CPU
		{C18ED7A9-8A5D-4AF1-ADC2-7D9AC66F2542}.Release|Any CPU.Build.0 = Release|Any CPU
		{CB1C3D26-9195-4F16-91F9-251FB41BE1B6}.Debug|Any CPU.ActiveCfg = Debug|Any CPU
		{CB1C3D26-9195-4F16-91F9-251FB41BE1B6}.Debug|Any CPU.Build.0 = Debug|Any CPU
		{CB1C3D26-9195-4F16-91F9-251FB41BE1B6}.Release|Any CPU.ActiveCfg = Release|Any CPU
		{CB1C3D26-9195-4F16-91F9-251FB41BE1B6}.Release|Any CPU.Build.0 = Release|Any CPU
		{075EDEA5-2340-4D6D-AC01-E17CAF74F6A4}.Debug|Any CPU.ActiveCfg = Debug|Any CPU
		{075EDEA5-2340-4D6D-AC01-E17CAF74F6A4}.Debug|Any CPU.Build.0 = Debug|Any CPU
		{075EDEA5-2340-4D6D-AC01-E17CAF74F6A4}.Release|Any CPU.ActiveCfg = Release|Any CPU
		{075EDEA5-2340-4D6D-AC01-E17CAF74F6A4}.Release|Any CPU.Build.0 = Release|Any CPU
		{67AF010E-2B4F-441C-BBB4-EC9F0F6F3A73}.Debug|Any CPU.ActiveCfg = Debug|Any CPU
		{67AF010E-2B4F-441C-BBB4-EC9F0F6F3A73}.Debug|Any CPU.Build.0 = Debug|Any CPU
		{67AF010E-2B4F-441C-BBB4-EC9F0F6F3A73}.Release|Any CPU.ActiveCfg = Release|Any CPU
		{67AF010E-2B4F-441C-BBB4-EC9F0F6F3A73}.Release|Any CPU.Build.0 = Release|Any CPU
	EndGlobalSection
	GlobalSection(SolutionProperties) = preSolution
		HideSolutionNode = FALSE
	EndGlobalSection
	GlobalSection(NestedProjects) = preSolution
		{7361E5A2-0F7C-4D7F-9107-8B8DFB87B35A} = {611E0718-CBC3-4D3A-B72D-2B80ABC70A3A}
		{09221568-5425-4C96-91DE-9F3A6AF99C32} = {611E0718-CBC3-4D3A-B72D-2B80ABC70A3A}
		{E1437C1D-13F0-46F0-8592-2EBC8FEC0D4E} = {611E0718-CBC3-4D3A-B72D-2B80ABC70A3A}
		{76680FC6-D8E4-4F25-A935-DA700FC14700} = {4B188726-AF15-409F-BD74-B9C195134D6B}
		{C18ED7A9-8A5D-4AF1-ADC2-7D9AC66F2542} = {4B188726-AF15-409F-BD74-B9C195134D6B}
		{CB1C3D26-9195-4F16-91F9-251FB41BE1B6} = {4B188726-AF15-409F-BD74-B9C195134D6B}
		{075EDEA5-2340-4D6D-AC01-E17CAF74F6A4} = {4D228004-1AE2-4A2C-9BE5-CA729DE010F7}
		{67AF010E-2B4F-441C-BBB4-EC9F0F6F3A73} = {4D228004-1AE2-4A2C-9BE5-CA729DE010F7}
	EndGlobalSection
	GlobalSection(ExtensibilityGlobals) = postSolution
		SolutionGuid = {861FA001-F06B-423D-9391-0F37EDEB36BE}
	EndGlobalSection
EndGlobal
